
Microsoft Visual Studio Solution File, Format Version 12.00
# Visual Studio 15
VisualStudioVersion = 15.0.26430.12
MinimumVisualStudioVersion = 10.0.40219.1
Project("{FAE04EC0-301F-11D3-BF4B-00C04F79EFBC}") = "StatisticsApp.Android", "StatisticsApp\StatisticsApp.Android\StatisticsApp.Android.csproj", "{82D3E073-7ED1-4EDA-B67C-E2A98D89FC54}"
EndProject
Project("{FAE04EC0-301F-11D3-BF4B-00C04F79EFBC}") = "StatisticsApp", "StatisticsApp\StatisticsApp\StatisticsApp.csproj", "{5EEEFDBE-B83C-4D47-9345-B2171AA6772E}"
EndProject
Project("{FAE04EC0-301F-11D3-BF4B-00C04F79EFBC}") = "StatisticsApp.UWP", "StatisticsApp\StatisticsApp.UWP\StatisticsApp.UWP.csproj", "{7D1814FF-B6AF-4DFD-893F-C114608EA972}"
EndProject
Project("{FAE04EC0-301F-11D3-BF4B-00C04F79EFBC}") = "StatisticsApp.iOS", "StatisticsApp\StatisticsApp.iOS\StatisticsApp.iOS.csproj", "{ED4C9BBD-7C57-489C-9E0B-EFD707EE57AA}"
EndProject
Project("{FAE04EC0-301F-11D3-BF4B-00C04F79EFBC}") = "Pruebas", "Pruebas\Pruebas.csproj", "{9C1C5A55-8161-43BB-BCC0-1AF862BC9410}"
EndProject
Global
	GlobalSection(SolutionConfigurationPlatforms) = preSolution
		Ad-Hoc|Any CPU = Ad-Hoc|Any CPU
		Ad-Hoc|ARM = Ad-Hoc|ARM
		Ad-Hoc|iPhone = Ad-Hoc|iPhone
		Ad-Hoc|iPhoneSimulator = Ad-Hoc|iPhoneSimulator
		Ad-Hoc|x64 = Ad-Hoc|x64
		Ad-Hoc|x86 = Ad-Hoc|x86
		AppStore|Any CPU = AppStore|Any CPU
		AppStore|ARM = AppStore|ARM
		AppStore|iPhone = AppStore|iPhone
		AppStore|iPhoneSimulator = AppStore|iPhoneSimulator
		AppStore|x64 = AppStore|x64
		AppStore|x86 = AppStore|x86
		Debug|Any CPU = Debug|Any CPU
		Debug|ARM = Debug|ARM
		Debug|iPhone = Debug|iPhone
		Debug|iPhoneSimulator = Debug|iPhoneSimulator
		Debug|x64 = Debug|x64
		Debug|x86 = Debug|x86
		Release|Any CPU = Release|Any CPU
		Release|ARM = Release|ARM
		Release|iPhone = Release|iPhone
		Release|iPhoneSimulator = Release|iPhoneSimulator
		Release|x64 = Release|x64
		Release|x86 = Release|x86
	EndGlobalSection
	GlobalSection(ProjectConfigurationPlatforms) = postSolution
		{82D3E073-7ED1-4EDA-B67C-E2A98D89FC54}.Ad-Hoc|Any CPU.ActiveCfg = Release|Any CPU
		{82D3E073-7ED1-4EDA-B67C-E2A98D89FC54}.Ad-Hoc|Any CPU.Build.0 = Release|Any CPU
		{82D3E073-7ED1-4EDA-B67C-E2A98D89FC54}.Ad-Hoc|Any CPU.Deploy.0 = Release|Any CPU
		{82D3E073-7ED1-4EDA-B67C-E2A98D89FC54}.Ad-Hoc|ARM.ActiveCfg = Release|Any CPU
		{82D3E073-7ED1-4EDA-B67C-E2A98D89FC54}.Ad-Hoc|ARM.Build.0 = Release|Any CPU
		{82D3E073-7ED1-4EDA-B67C-E2A98D89FC54}.Ad-Hoc|ARM.Deploy.0 = Release|Any CPU
		{82D3E073-7ED1-4EDA-B67C-E2A98D89FC54}.Ad-Hoc|iPhone.ActiveCfg = Release|Any CPU
		{82D3E073-7ED1-4EDA-B67C-E2A98D89FC54}.Ad-Hoc|iPhone.Build.0 = Release|Any CPU
		{82D3E073-7ED1-4EDA-B67C-E2A98D89FC54}.Ad-Hoc|iPhone.Deploy.0 = Release|Any CPU
		{82D3E073-7ED1-4EDA-B67C-E2A98D89FC54}.Ad-Hoc|iPhoneSimulator.ActiveCfg = Release|Any CPU
		{82D3E073-7ED1-4EDA-B67C-E2A98D89FC54}.Ad-Hoc|iPhoneSimulator.Build.0 = Release|Any CPU
		{82D3E073-7ED1-4EDA-B67C-E2A98D89FC54}.Ad-Hoc|iPhoneSimulator.Deploy.0 = Release|Any CPU
		{82D3E073-7ED1-4EDA-B67C-E2A98D89FC54}.Ad-Hoc|x64.ActiveCfg = Release|Any CPU
		{82D3E073-7ED1-4EDA-B67C-E2A98D89FC54}.Ad-Hoc|x64.Build.0 = Release|Any CPU
		{82D3E073-7ED1-4EDA-B67C-E2A98D89FC54}.Ad-Hoc|x64.Deploy.0 = Release|Any CPU
		{82D3E073-7ED1-4EDA-B67C-E2A98D89FC54}.Ad-Hoc|x86.ActiveCfg = Release|Any CPU
		{82D3E073-7ED1-4EDA-B67C-E2A98D89FC54}.Ad-Hoc|x86.Build.0 = Release|Any CPU
		{82D3E073-7ED1-4EDA-B67C-E2A98D89FC54}.Ad-Hoc|x86.Deploy.0 = Release|Any CPU
		{82D3E073-7ED1-4EDA-B67C-E2A98D89FC54}.AppStore|Any CPU.ActiveCfg = Release|Any CPU
		{82D3E073-7ED1-4EDA-B67C-E2A98D89FC54}.AppStore|Any CPU.Build.0 = Release|Any CPU
		{82D3E073-7ED1-4EDA-B67C-E2A98D89FC54}.AppStore|Any CPU.Deploy.0 = Release|Any CPU
		{82D3E073-7ED1-4EDA-B67C-E2A98D89FC54}.AppStore|ARM.ActiveCfg = Release|Any CPU
		{82D3E073-7ED1-4EDA-B67C-E2A98D89FC54}.AppStore|ARM.Build.0 = Release|Any CPU
		{82D3E073-7ED1-4EDA-B67C-E2A98D89FC54}.AppStore|ARM.Deploy.0 = Release|Any CPU
		{82D3E073-7ED1-4EDA-B67C-E2A98D89FC54}.AppStore|iPhone.ActiveCfg = Release|Any CPU
		{82D3E073-7ED1-4EDA-B67C-E2A98D89FC54}.AppStore|iPhone.Build.0 = Release|Any CPU
		{82D3E073-7ED1-4EDA-B67C-E2A98D89FC54}.AppStore|iPhone.Deploy.0 = Release|Any CPU
		{82D3E073-7ED1-4EDA-B67C-E2A98D89FC54}.AppStore|iPhoneSimulator.ActiveCfg = Release|Any CPU
		{82D3E073-7ED1-4EDA-B67C-E2A98D89FC54}.AppStore|iPhoneSimulator.Build.0 = Release|Any CPU
		{82D3E073-7ED1-4EDA-B67C-E2A98D89FC54}.AppStore|iPhoneSimulator.Deploy.0 = Release|Any CPU
		{82D3E073-7ED1-4EDA-B67C-E2A98D89FC54}.AppStore|x64.ActiveCfg = Release|Any CPU
		{82D3E073-7ED1-4EDA-B67C-E2A98D89FC54}.AppStore|x64.Build.0 = Release|Any CPU
		{82D3E073-7ED1-4EDA-B67C-E2A98D89FC54}.AppStore|x64.Deploy.0 = Release|Any CPU
		{82D3E073-7ED1-4EDA-B67C-E2A98D89FC54}.AppStore|x86.ActiveCfg = Release|Any CPU
		{82D3E073-7ED1-4EDA-B67C-E2A98D89FC54}.AppStore|x86.Build.0 = Release|Any CPU
		{82D3E073-7ED1-4EDA-B67C-E2A98D89FC54}.AppStore|x86.Deploy.0 = Release|Any CPU
		{82D3E073-7ED1-4EDA-B67C-E2A98D89FC54}.Debug|Any CPU.ActiveCfg = Debug|Any CPU
		{82D3E073-7ED1-4EDA-B67C-E2A98D89FC54}.Debug|Any CPU.Build.0 = Debug|Any CPU
		{82D3E073-7ED1-4EDA-B67C-E2A98D89FC54}.Debug|Any CPU.Deploy.0 = Debug|Any CPU
		{82D3E073-7ED1-4EDA-B67C-E2A98D89FC54}.Debug|ARM.ActiveCfg = Debug|Any CPU
		{82D3E073-7ED1-4EDA-B67C-E2A98D89FC54}.Debug|ARM.Build.0 = Debug|Any CPU
		{82D3E073-7ED1-4EDA-B67C-E2A98D89FC54}.Debug|ARM.Deploy.0 = Debug|Any CPU
		{82D3E073-7ED1-4EDA-B67C-E2A98D89FC54}.Debug|iPhone.ActiveCfg = Debug|Any CPU
		{82D3E073-7ED1-4EDA-B67C-E2A98D89FC54}.Debug|iPhone.Build.0 = Debug|Any CPU
		{82D3E073-7ED1-4EDA-B67C-E2A98D89FC54}.Debug|iPhone.Deploy.0 = Debug|Any CPU
		{82D3E073-7ED1-4EDA-B67C-E2A98D89FC54}.Debug|iPhoneSimulator.ActiveCfg = Debug|Any CPU
		{82D3E073-7ED1-4EDA-B67C-E2A98D89FC54}.Debug|iPhoneSimulator.Build.0 = Debug|Any CPU
		{82D3E073-7ED1-4EDA-B67C-E2A98D89FC54}.Debug|iPhoneSimulator.Deploy.0 = Debug|Any CPU
		{82D3E073-7ED1-4EDA-B67C-E2A98D89FC54}.Debug|x64.ActiveCfg = Debug|Any CPU
		{82D3E073-7ED1-4EDA-B67C-E2A98D89FC54}.Debug|x64.Build.0 = Debug|Any CPU
		{82D3E073-7ED1-4EDA-B67C-E2A98D89FC54}.Debug|x64.Deploy.0 = Debug|Any CPU
		{82D3E073-7ED1-4EDA-B67C-E2A98D89FC54}.Debug|x86.ActiveCfg = Debug|Any CPU
		{82D3E073-7ED1-4EDA-B67C-E2A98D89FC54}.Debug|x86.Build.0 = Debug|Any CPU
		{82D3E073-7ED1-4EDA-B67C-E2A98D89FC54}.Debug|x86.Deploy.0 = Debug|Any CPU
		{82D3E073-7ED1-4EDA-B67C-E2A98D89FC54}.Release|Any CPU.ActiveCfg = Release|Any CPU
		{82D3E073-7ED1-4EDA-B67C-E2A98D89FC54}.Release|Any CPU.Build.0 = Release|Any CPU
		{82D3E073-7ED1-4EDA-B67C-E2A98D89FC54}.Release|Any CPU.Deploy.0 = Release|Any CPU
		{82D3E073-7ED1-4EDA-B67C-E2A98D89FC54}.Release|ARM.ActiveCfg = Release|Any CPU
		{82D3E073-7ED1-4EDA-B67C-E2A98D89FC54}.Release|ARM.Build.0 = Release|Any CPU
		{82D3E073-7ED1-4EDA-B67C-E2A98D89FC54}.Release|ARM.Deploy.0 = Release|Any CPU
		{82D3E073-7ED1-4EDA-B67C-E2A98D89FC54}.Release|iPhone.ActiveCfg = Release|Any CPU
		{82D3E073-7ED1-4EDA-B67C-E2A98D89FC54}.Release|iPhone.Build.0 = Release|Any CPU
		{82D3E073-7ED1-4EDA-B67C-E2A98D89FC54}.Release|iPhone.Deploy.0 = Release|Any CPU
		{82D3E073-7ED1-4EDA-B67C-E2A98D89FC54}.Release|iPhoneSimulator.ActiveCfg = Release|Any CPU
		{82D3E073-7ED1-4EDA-B67C-E2A98D89FC54}.Release|iPhoneSimulator.Build.0 = Release|Any CPU
		{82D3E073-7ED1-4EDA-B67C-E2A98D89FC54}.Release|iPhoneSimulator.Deploy.0 = Release|Any CPU
		{82D3E073-7ED1-4EDA-B67C-E2A98D89FC54}.Release|x64.ActiveCfg = Release|Any CPU
		{82D3E073-7ED1-4EDA-B67C-E2A98D89FC54}.Release|x64.Build.0 = Release|Any CPU
		{82D3E073-7ED1-4EDA-B67C-E2A98D89FC54}.Release|x64.Deploy.0 = Release|Any CPU
		{82D3E073-7ED1-4EDA-B67C-E2A98D89FC54}.Release|x86.ActiveCfg = Release|Any CPU
		{82D3E073-7ED1-4EDA-B67C-E2A98D89FC54}.Release|x86.Build.0 = Release|Any CPU
		{82D3E073-7ED1-4EDA-B67C-E2A98D89FC54}.Release|x86.Deploy.0 = Release|Any CPU
		{5EEEFDBE-B83C-4D47-9345-B2171AA6772E}.Ad-Hoc|Any CPU.ActiveCfg = Release|Any CPU
		{5EEEFDBE-B83C-4D47-9345-B2171AA6772E}.Ad-Hoc|Any CPU.Build.0 = Release|Any CPU
		{5EEEFDBE-B83C-4D47-9345-B2171AA6772E}.Ad-Hoc|ARM.ActiveCfg = Release|Any CPU
		{5EEEFDBE-B83C-4D47-9345-B2171AA6772E}.Ad-Hoc|ARM.Build.0 = Release|Any CPU
		{5EEEFDBE-B83C-4D47-9345-B2171AA6772E}.Ad-Hoc|iPhone.ActiveCfg = Release|Any CPU
		{5EEEFDBE-B83C-4D47-9345-B2171AA6772E}.Ad-Hoc|iPhone.Build.0 = Release|Any CPU
		{5EEEFDBE-B83C-4D47-9345-B2171AA6772E}.Ad-Hoc|iPhoneSimulator.ActiveCfg = Release|Any CPU
		{5EEEFDBE-B83C-4D47-9345-B2171AA6772E}.Ad-Hoc|iPhoneSimulator.Build.0 = Release|Any CPU
		{5EEEFDBE-B83C-4D47-9345-B2171AA6772E}.Ad-Hoc|x64.ActiveCfg = Release|Any CPU
		{5EEEFDBE-B83C-4D47-9345-B2171AA6772E}.Ad-Hoc|x64.Build.0 = Release|Any CPU
		{5EEEFDBE-B83C-4D47-9345-B2171AA6772E}.Ad-Hoc|x86.ActiveCfg = Release|Any CPU
		{5EEEFDBE-B83C-4D47-9345-B2171AA6772E}.Ad-Hoc|x86.Build.0 = Release|Any CPU
		{5EEEFDBE-B83C-4D47-9345-B2171AA6772E}.AppStore|Any CPU.ActiveCfg = Release|Any CPU
		{5EEEFDBE-B83C-4D47-9345-B2171AA6772E}.AppStore|Any CPU.Build.0 = Release|Any CPU
		{5EEEFDBE-B83C-4D47-9345-B2171AA6772E}.AppStore|ARM.ActiveCfg = Release|Any CPU
		{5EEEFDBE-B83C-4D47-9345-B2171AA6772E}.AppStore|ARM.Build.0 = Release|Any CPU
		{5EEEFDBE-B83C-4D47-9345-B2171AA6772E}.AppStore|iPhone.ActiveCfg = Release|Any CPU
		{5EEEFDBE-B83C-4D47-9345-B2171AA6772E}.AppStore|iPhone.Build.0 = Release|Any CPU
		{5EEEFDBE-B83C-4D47-9345-B2171AA6772E}.AppStore|iPhoneSimulator.ActiveCfg = Release|Any CPU
		{5EEEFDBE-B83C-4D47-9345-B2171AA6772E}.AppStore|iPhoneSimulator.Build.0 = Release|Any CPU
		{5EEEFDBE-B83C-4D47-9345-B2171AA6772E}.AppStore|x64.ActiveCfg = Release|Any CPU
		{5EEEFDBE-B83C-4D47-9345-B2171AA6772E}.AppStore|x64.Build.0 = Release|Any CPU
		{5EEEFDBE-B83C-4D47-9345-B2171AA6772E}.AppStore|x86.ActiveCfg = Release|Any CPU
		{5EEEFDBE-B83C-4D47-9345-B2171AA6772E}.AppStore|x86.Build.0 = Release|Any CPU
		{5EEEFDBE-B83C-4D47-9345-B2171AA6772E}.Debug|Any CPU.ActiveCfg = Debug|Any CPU
		{5EEEFDBE-B83C-4D47-9345-B2171AA6772E}.Debug|Any CPU.Build.0 = Debug|Any CPU
		{5EEEFDBE-B83C-4D47-9345-B2171AA6772E}.Debug|ARM.ActiveCfg = Debug|Any CPU
		{5EEEFDBE-B83C-4D47-9345-B2171AA6772E}.Debug|ARM.Build.0 = Debug|Any CPU
		{5EEEFDBE-B83C-4D47-9345-B2171AA6772E}.Debug|iPhone.ActiveCfg = Debug|Any CPU
		{5EEEFDBE-B83C-4D47-9345-B2171AA6772E}.Debug|iPhone.Build.0 = Debug|Any CPU
		{5EEEFDBE-B83C-4D47-9345-B2171AA6772E}.Debug|iPhoneSimulator.ActiveCfg = Debug|Any CPU
		{5EEEFDBE-B83C-4D47-9345-B2171AA6772E}.Debug|iPhoneSimulator.Build.0 = Debug|Any CPU
		{5EEEFDBE-B83C-4D47-9345-B2171AA6772E}.Debug|x64.ActiveCfg = Debug|Any CPU
		{5EEEFDBE-B83C-4D47-9345-B2171AA6772E}.Debug|x64.Build.0 = Debug|Any CPU
		{5EEEFDBE-B83C-4D47-9345-B2171AA6772E}.Debug|x86.ActiveCfg = Debug|Any CPU
		{5EEEFDBE-B83C-4D47-9345-B2171AA6772E}.Debug|x86.Build.0 = Debug|Any CPU
		{5EEEFDBE-B83C-4D47-9345-B2171AA6772E}.Release|Any CPU.ActiveCfg = Release|Any CPU
		{5EEEFDBE-B83C-4D47-9345-B2171AA6772E}.Release|Any CPU.Build.0 = Release|Any CPU
		{5EEEFDBE-B83C-4D47-9345-B2171AA6772E}.Release|ARM.ActiveCfg = Release|Any CPU
		{5EEEFDBE-B83C-4D47-9345-B2171AA6772E}.Release|ARM.Build.0 = Release|Any CPU
		{5EEEFDBE-B83C-4D47-9345-B2171AA6772E}.Release|iPhone.ActiveCfg = Release|Any CPU
		{5EEEFDBE-B83C-4D47-9345-B2171AA6772E}.Release|iPhone.Build.0 = Release|Any CPU
		{5EEEFDBE-B83C-4D47-9345-B2171AA6772E}.Release|iPhoneSimulator.ActiveCfg = Release|Any CPU
		{5EEEFDBE-B83C-4D47-9345-B2171AA6772E}.Release|iPhoneSimulator.Build.0 = Release|Any CPU
		{5EEEFDBE-B83C-4D47-9345-B2171AA6772E}.Release|x64.ActiveCfg = Release|Any CPU
		{5EEEFDBE-B83C-4D47-9345-B2171AA6772E}.Release|x64.Build.0 = Release|Any CPU
		{5EEEFDBE-B83C-4D47-9345-B2171AA6772E}.Release|x86.ActiveCfg = Release|Any CPU
		{5EEEFDBE-B83C-4D47-9345-B2171AA6772E}.Release|x86.Build.0 = Release|Any CPU
		{7D1814FF-B6AF-4DFD-893F-C114608EA972}.Ad-Hoc|Any CPU.ActiveCfg = Release|x86
		{7D1814FF-B6AF-4DFD-893F-C114608EA972}.Ad-Hoc|Any CPU.Build.0 = Release|x86
		{7D1814FF-B6AF-4DFD-893F-C114608EA972}.Ad-Hoc|Any CPU.Deploy.0 = Release|x86
		{7D1814FF-B6AF-4DFD-893F-C114608EA972}.Ad-Hoc|ARM.ActiveCfg = Release|ARM
		{7D1814FF-B6AF-4DFD-893F-C114608EA972}.Ad-Hoc|ARM.Build.0 = Release|ARM
		{7D1814FF-B6AF-4DFD-893F-C114608EA972}.Ad-Hoc|ARM.Deploy.0 = Release|ARM
		{7D1814FF-B6AF-4DFD-893F-C114608EA972}.Ad-Hoc|iPhone.ActiveCfg = Release|x86
		{7D1814FF-B6AF-4DFD-893F-C114608EA972}.Ad-Hoc|iPhone.Build.0 = Release|x86
		{7D1814FF-B6AF-4DFD-893F-C114608EA972}.Ad-Hoc|iPhone.Deploy.0 = Release|x86
		{7D1814FF-B6AF-4DFD-893F-C114608EA972}.Ad-Hoc|iPhoneSimulator.ActiveCfg = Release|x86
		{7D1814FF-B6AF-4DFD-893F-C114608EA972}.Ad-Hoc|iPhoneSimulator.Build.0 = Release|x86
		{7D1814FF-B6AF-4DFD-893F-C114608EA972}.Ad-Hoc|iPhoneSimulator.Deploy.0 = Release|x86
		{7D1814FF-B6AF-4DFD-893F-C114608EA972}.Ad-Hoc|x64.ActiveCfg = Release|x64
		{7D1814FF-B6AF-4DFD-893F-C114608EA972}.Ad-Hoc|x64.Build.0 = Release|x64
		{7D1814FF-B6AF-4DFD-893F-C114608EA972}.Ad-Hoc|x64.Deploy.0 = Release|x64
		{7D1814FF-B6AF-4DFD-893F-C114608EA972}.Ad-Hoc|x86.ActiveCfg = Release|x86
		{7D1814FF-B6AF-4DFD-893F-C114608EA972}.Ad-Hoc|x86.Build.0 = Release|x86
		{7D1814FF-B6AF-4DFD-893F-C114608EA972}.Ad-Hoc|x86.Deploy.0 = Release|x86
		{7D1814FF-B6AF-4DFD-893F-C114608EA972}.AppStore|Any CPU.ActiveCfg = Release|x86
		{7D1814FF-B6AF-4DFD-893F-C114608EA972}.AppStore|Any CPU.Build.0 = Release|x86
		{7D1814FF-B6AF-4DFD-893F-C114608EA972}.AppStore|Any CPU.Deploy.0 = Release|x86
		{7D1814FF-B6AF-4DFD-893F-C114608EA972}.AppStore|ARM.ActiveCfg = Release|ARM
		{7D1814FF-B6AF-4DFD-893F-C114608EA972}.AppStore|ARM.Build.0 = Release|ARM
		{7D1814FF-B6AF-4DFD-893F-C114608EA972}.AppStore|ARM.Deploy.0 = Release|ARM
		{7D1814FF-B6AF-4DFD-893F-C114608EA972}.AppStore|iPhone.ActiveCfg = Release|x86
		{7D1814FF-B6AF-4DFD-893F-C114608EA972}.AppStore|iPhone.Build.0 = Release|x86
		{7D1814FF-B6AF-4DFD-893F-C114608EA972}.AppStore|iPhone.Deploy.0 = Release|x86
		{7D1814FF-B6AF-4DFD-893F-C114608EA972}.AppStore|iPhoneSimulator.ActiveCfg = Release|x86
		{7D1814FF-B6AF-4DFD-893F-C114608EA972}.AppStore|iPhoneSimulator.Build.0 = Release|x86
		{7D1814FF-B6AF-4DFD-893F-C114608EA972}.AppStore|iPhoneSimulator.Deploy.0 = Release|x86
		{7D1814FF-B6AF-4DFD-893F-C114608EA972}.AppStore|x64.ActiveCfg = Release|x64
		{7D1814FF-B6AF-4DFD-893F-C114608EA972}.AppStore|x64.Build.0 = Release|x64
		{7D1814FF-B6AF-4DFD-893F-C114608EA972}.AppStore|x64.Deploy.0 = Release|x64
		{7D1814FF-B6AF-4DFD-893F-C114608EA972}.AppStore|x86.ActiveCfg = Release|x86
		{7D1814FF-B6AF-4DFD-893F-C114608EA972}.AppStore|x86.Build.0 = Release|x86
		{7D1814FF-B6AF-4DFD-893F-C114608EA972}.AppStore|x86.Deploy.0 = Release|x86
		{7D1814FF-B6AF-4DFD-893F-C114608EA972}.Debug|Any CPU.ActiveCfg = Debug|x64
		{7D1814FF-B6AF-4DFD-893F-C114608EA972}.Debug|Any CPU.Build.0 = Debug|x64
		{7D1814FF-B6AF-4DFD-893F-C114608EA972}.Debug|Any CPU.Deploy.0 = Debug|x64
		{7D1814FF-B6AF-4DFD-893F-C114608EA972}.Debug|ARM.ActiveCfg = Debug|ARM
		{7D1814FF-B6AF-4DFD-893F-C114608EA972}.Debug|ARM.Build.0 = Debug|ARM
		{7D1814FF-B6AF-4DFD-893F-C114608EA972}.Debug|ARM.Deploy.0 = Debug|ARM
		{7D1814FF-B6AF-4DFD-893F-C114608EA972}.Debug|iPhone.ActiveCfg = Debug|x86
		{7D1814FF-B6AF-4DFD-893F-C114608EA972}.Debug|iPhoneSimulator.ActiveCfg = Debug|x86
		{7D1814FF-B6AF-4DFD-893F-C114608EA972}.Debug|x64.ActiveCfg = Debug|x64
		{7D1814FF-B6AF-4DFD-893F-C114608EA972}.Debug|x64.Build.0 = Debug|x64
		{7D1814FF-B6AF-4DFD-893F-C114608EA972}.Debug|x64.Deploy.0 = Debug|x64
		{7D1814FF-B6AF-4DFD-893F-C114608EA972}.Debug|x86.ActiveCfg = Debug|x86
		{7D1814FF-B6AF-4DFD-893F-C114608EA972}.Debug|x86.Build.0 = Debug|x86
		{7D1814FF-B6AF-4DFD-893F-C114608EA972}.Debug|x86.Deploy.0 = Debug|x86
		{7D1814FF-B6AF-4DFD-893F-C114608EA972}.Release|Any CPU.ActiveCfg = Release|x86
		{7D1814FF-B6AF-4DFD-893F-C114608EA972}.Release|ARM.ActiveCfg = Release|ARM
		{7D1814FF-B6AF-4DFD-893F-C114608EA972}.Release|ARM.Build.0 = Release|ARM
		{7D1814FF-B6AF-4DFD-893F-C114608EA972}.Release|ARM.Deploy.0 = Release|ARM
		{7D1814FF-B6AF-4DFD-893F-C114608EA972}.Release|iPhone.ActiveCfg = Release|x86
		{7D1814FF-B6AF-4DFD-893F-C114608EA972}.Release|iPhoneSimulator.ActiveCfg = Release|x86
		{7D1814FF-B6AF-4DFD-893F-C114608EA972}.Release|x64.ActiveCfg = Release|x64
		{7D1814FF-B6AF-4DFD-893F-C114608EA972}.Release|x64.Build.0 = Release|x64
		{7D1814FF-B6AF-4DFD-893F-C114608EA972}.Release|x64.Deploy.0 = Release|x64
		{7D1814FF-B6AF-4DFD-893F-C114608EA972}.Release|x86.ActiveCfg = Release|x86
		{7D1814FF-B6AF-4DFD-893F-C114608EA972}.Release|x86.Build.0 = Release|x86
		{7D1814FF-B6AF-4DFD-893F-C114608EA972}.Release|x86.Deploy.0 = Release|x86
		{ED4C9BBD-7C57-489C-9E0B-EFD707EE57AA}.Ad-Hoc|Any CPU.ActiveCfg = Ad-Hoc|iPhone
		{ED4C9BBD-7C57-489C-9E0B-EFD707EE57AA}.Ad-Hoc|ARM.ActiveCfg = Ad-Hoc|iPhone
		{ED4C9BBD-7C57-489C-9E0B-EFD707EE57AA}.Ad-Hoc|iPhone.ActiveCfg = Ad-Hoc|iPhone
		{ED4C9BBD-7C57-489C-9E0B-EFD707EE57AA}.Ad-Hoc|iPhone.Build.0 = Ad-Hoc|iPhone
		{ED4C9BBD-7C57-489C-9E0B-EFD707EE57AA}.Ad-Hoc|iPhoneSimulator.ActiveCfg = Ad-Hoc|iPhoneSimulator
		{ED4C9BBD-7C57-489C-9E0B-EFD707EE57AA}.Ad-Hoc|iPhoneSimulator.Build.0 = Ad-Hoc|iPhoneSimulator
		{ED4C9BBD-7C57-489C-9E0B-EFD707EE57AA}.Ad-Hoc|x64.ActiveCfg = Ad-Hoc|iPhone
		{ED4C9BBD-7C57-489C-9E0B-EFD707EE57AA}.Ad-Hoc|x86.ActiveCfg = Ad-Hoc|iPhone
		{ED4C9BBD-7C57-489C-9E0B-EFD707EE57AA}.AppStore|Any CPU.ActiveCfg = AppStore|iPhone
		{ED4C9BBD-7C57-489C-9E0B-EFD707EE57AA}.AppStore|ARM.ActiveCfg = AppStore|iPhone
		{ED4C9BBD-7C57-489C-9E0B-EFD707EE57AA}.AppStore|iPhone.ActiveCfg = AppStore|iPhone
		{ED4C9BBD-7C57-489C-9E0B-EFD707EE57AA}.AppStore|iPhone.Build.0 = AppStore|iPhone
		{ED4C9BBD-7C57-489C-9E0B-EFD707EE57AA}.AppStore|iPhoneSimulator.ActiveCfg = AppStore|iPhoneSimulator
		{ED4C9BBD-7C57-489C-9E0B-EFD707EE57AA}.AppStore|iPhoneSimulator.Build.0 = AppStore|iPhoneSimulator
		{ED4C9BBD-7C57-489C-9E0B-EFD707EE57AA}.AppStore|x64.ActiveCfg = AppStore|iPhone
		{ED4C9BBD-7C57-489C-9E0B-EFD707EE57AA}.AppStore|x86.ActiveCfg = AppStore|iPhone
		{ED4C9BBD-7C57-489C-9E0B-EFD707EE57AA}.Debug|Any CPU.ActiveCfg = Debug|iPhone
		{ED4C9BBD-7C57-489C-9E0B-EFD707EE57AA}.Debug|ARM.ActiveCfg = Debug|iPhone
		{ED4C9BBD-7C57-489C-9E0B-EFD707EE57AA}.Debug|iPhone.ActiveCfg = Debug|iPhone
		{ED4C9BBD-7C57-489C-9E0B-EFD707EE57AA}.Debug|iPhone.Build.0 = Debug|iPhone
		{ED4C9BBD-7C57-489C-9E0B-EFD707EE57AA}.Debug|iPhoneSimulator.ActiveCfg = Debug|iPhoneSimulator
		{ED4C9BBD-7C57-489C-9E0B-EFD707EE57AA}.Debug|iPhoneSimulator.Build.0 = Debug|iPhoneSimulator
		{ED4C9BBD-7C57-489C-9E0B-EFD707EE57AA}.Debug|x64.ActiveCfg = Debug|iPhone
		{ED4C9BBD-7C57-489C-9E0B-EFD707EE57AA}.Debug|x86.ActiveCfg = Debug|iPhone
		{ED4C9BBD-7C57-489C-9E0B-EFD707EE57AA}.Release|Any CPU.ActiveCfg = Release|iPhone
		{ED4C9BBD-7C57-489C-9E0B-EFD707EE57AA}.Release|ARM.ActiveCfg = Release|iPhone
		{ED4C9BBD-7C57-489C-9E0B-EFD707EE57AA}.Release|iPhone.ActiveCfg = Release|iPhone
		{ED4C9BBD-7C57-489C-9E0B-EFD707EE57AA}.Release|iPhone.Build.0 = Release|iPhone
		{ED4C9BBD-7C57-489C-9E0B-EFD707EE57AA}.Release|iPhoneSimulator.ActiveCfg = Release|iPhoneSimulator
		{ED4C9BBD-7C57-489C-9E0B-EFD707EE57AA}.Release|iPhoneSimulator.Build.0 = Release|iPhoneSimulator
		{ED4C9BBD-7C57-489C-9E0B-EFD707EE57AA}.Release|x64.ActiveCfg = Release|iPhone
		{ED4C9BBD-7C57-489C-9E0B-EFD707EE57AA}.Release|x86.ActiveCfg = Release|iPhone
		{9C1C5A55-8161-43BB-BCC0-1AF862BC9410}.Ad-Hoc|Any CPU.ActiveCfg = Release|Any CPU
		{9C1C5A55-8161-43BB-BCC0-1AF862BC9410}.Ad-Hoc|Any CPU.Build.0 = Release|Any CPU
		{9C1C5A55-8161-43BB-BCC0-1AF862BC9410}.Ad-Hoc|ARM.ActiveCfg = Release|Any CPU
		{9C1C5A55-8161-43BB-BCC0-1AF862BC9410}.Ad-Hoc|ARM.Build.0 = Release|Any CPU
		{9C1C5A55-8161-43BB-BCC0-1AF862BC9410}.Ad-Hoc|iPhone.ActiveCfg = Release|Any CPU
		{9C1C5A55-8161-43BB-BCC0-1AF862BC9410}.Ad-Hoc|iPhone.Build.0 = Release|Any CPU
		{9C1C5A55-8161-43BB-BCC0-1AF862BC9410}.Ad-Hoc|iPhoneSimulator.ActiveCfg = Release|Any CPU
		{9C1C5A55-8161-43BB-BCC0-1AF862BC9410}.Ad-Hoc|iPhoneSimulator.Build.0 = Release|Any CPU
		{9C1C5A55-8161-43BB-BCC0-1AF862BC9410}.Ad-Hoc|x64.ActiveCfg = Release|Any CPU
		{9C1C5A55-8161-43BB-BCC0-1AF862BC9410}.Ad-Hoc|x64.Build.0 = Release|Any CPU
		{9C1C5A55-8161-43BB-BCC0-1AF862BC9410}.Ad-Hoc|x86.ActiveCfg = Release|Any CPU
		{9C1C5A55-8161-43BB-BCC0-1AF862BC9410}.Ad-Hoc|x86.Build.0 = Release|Any CPU
		{9C1C5A55-8161-43BB-BCC0-1AF862BC9410}.AppStore|Any CPU.ActiveCfg = Release|Any CPU
		{9C1C5A55-8161-43BB-BCC0-1AF862BC9410}.AppStore|Any CPU.Build.0 = Release|Any CPU
		{9C1C5A55-8161-43BB-BCC0-1AF862BC9410}.AppStore|ARM.ActiveCfg = Release|Any CPU
		{9C1C5A55-8161-43BB-BCC0-1AF862BC9410}.AppStore|ARM.Build.0 = Release|Any CPU
		{9C1C5A55-8161-43BB-BCC0-1AF862BC9410}.AppStore|iPhone.ActiveCfg = Release|Any CPU
		{9C1C5A55-8161-43BB-BCC0-1AF862BC9410}.AppStore|iPhone.Build.0 = Release|Any CPU
		{9C1C5A55-8161-43BB-BCC0-1AF862BC9410}.AppStore|iPhoneSimulator.ActiveCfg = Release|Any CPU
		{9C1C5A55-8161-43BB-BCC0-1AF862BC9410}.AppStore|iPhoneSimulator.Build.0 = Release|Any CPU
		{9C1C5A55-8161-43BB-BCC0-1AF862BC9410}.AppStore|x64.ActiveCfg = Release|Any CPU
		{9C1C5A55-8161-43BB-BCC0-1AF862BC9410}.AppStore|x64.Build.0 = Release|Any CPU
		{9C1C5A55-8161-43BB-BCC0-1AF862BC9410}.AppStore|x86.ActiveCfg = Release|Any CPU
		{9C1C5A55-8161-43BB-BCC0-1AF862BC9410}.AppStore|x86.Build.0 = Release|Any CPU
		{9C1C5A55-8161-43BB-BCC0-1AF862BC9410}.Debug|Any CPU.ActiveCfg = Debug|Any CPU
		{9C1C5A55-8161-43BB-BCC0-1AF862BC9410}.Debug|Any CPU.Build.0 = Debug|Any CPU
		{9C1C5A55-8161-43BB-BCC0-1AF862BC9410}.Debug|ARM.ActiveCfg = Debug|Any CPU
		{9C1C5A55-8161-43BB-BCC0-1AF862BC9410}.Debug|ARM.Build.0 = Debug|Any CPU
		{9C1C5A55-8161-43BB-BCC0-1AF862BC9410}.Debug|iPhone.ActiveCfg = Debug|Any CPU
		{9C1C5A55-8161-43BB-BCC0-1AF862BC9410}.Debug|iPhone.Build.0 = Debug|Any CPU
		{9C1C5A55-8161-43BB-BCC0-1AF862BC9410}.Debug|iPhoneSimulator.ActiveCfg = Debug|Any CPU
		{9C1C5A55-8161-43BB-BCC0-1AF862BC9410}.Debug|iPhoneSimulator.Build.0 = Debug|Any CPU
		{9C1C5A55-8161-43BB-BCC0-1AF862BC9410}.Debug|x64.ActiveCfg = Debug|Any CPU
		{9C1C5A55-8161-43BB-BCC0-1AF862BC9410}.Debug|x64.Build.0 = Debug|Any CPU
		{9C1C5A55-8161-43BB-BCC0-1AF862BC9410}.Debug|x86.ActiveCfg = Debug|Any CPU
		{9C1C5A55-8161-43BB-BCC0-1AF862BC9410}.Debug|x86.Build.0 = Debug|Any CPU
		{9C1C5A55-8161-43BB-BCC0-1AF862BC9410}.Release|Any CPU.ActiveCfg = Release|Any CPU
		{9C1C5A55-8161-43BB-BCC0-1AF862BC9410}.Release|Any CPU.Build.0 = Release|Any CPU
		{9C1C5A55-8161-43BB-BCC0-1AF862BC9410}.Release|ARM.ActiveCfg = Release|Any CPU
		{9C1C5A55-8161-43BB-BCC0-1AF862BC9410}.Release|ARM.Build.0 = Release|Any CPU
		{9C1C5A55-8161-43BB-BCC0-1AF862BC9410}.Release|iPhone.ActiveCfg = Release|Any CPU
		{9C1C5A55-8161-43BB-BCC0-1AF862BC9410}.Release|iPhone.Build.0 = Release|Any CPU
		{9C1C5A55-8161-43BB-BCC0-1AF862BC9410}.Release|iPhoneSimulator.ActiveCfg = Release|Any CPU
		{9C1C5A55-8161-43BB-BCC0-1AF862BC9410}.Release|iPhoneSimulator.Build.0 = Release|Any CPU
		{9C1C5A55-8161-43BB-BCC0-1AF862BC9410}.Release|x64.ActiveCfg = Release|Any CPU
		{9C1C5A55-8161-43BB-BCC0-1AF862BC9410}.Release|x64.Build.0 = Release|Any CPU
		{9C1C5A55-8161-43BB-BCC0-1AF862BC9410}.Release|x86.ActiveCfg = Release|Any CPU
		{9C1C5A55-8161-43BB-BCC0-1AF862BC9410}.Release|x86.Build.0 = Release|Any CPU
	EndGlobalSection
	GlobalSection(SolutionProperties) = preSolution
		HideSolutionNode = FALSE
	EndGlobalSection
EndGlobal
